<?xml version="1.0" encoding="utf-8"?>
<Project ToolsVersion="4.0" xmlns="http://schemas.microsoft.com/developer/msbuild/2003">
  <ItemGroup>
    <Filter Include="Source Files">
      <UniqueIdentifier>{4FC737F1-C7A5-4376-A066-2A32D752A2FF}</UniqueIdentifier>
      <Extensions>cpp;c;cc;cxx;def;odl;idl;hpj;bat;asm;asmx</Extensions>
    </Filter>
    <Filter Include="Header Files">
      <UniqueIdentifier>{93995380-89BD-4b04-88EB-625FBE52EBFB}</UniqueIdentifier>
      <Extensions>h;hpp;hxx;hm;inl;inc;xsd</Extensions>
    </Filter>
    <Filter Include="Resource Files">
      <UniqueIdentifier>{67DA6AB6-F800-4c08-8B7A-83BB121AAD01}</UniqueIdentifier>
      <Extensions>rc;ico;cur;bmp;dlg;rc2;rct;bin;rgs;gif;jpg;jpeg;jpe;resx;tiff;tif;png;wav;mfcribbon-ms</Extensions>
    </Filter>
  </ItemGroup>
  <ItemGroup>
    <ClInclude Include="Acquisition_Board_Dll.h">
      <Filter>Header Files</Filter>
    </ClInclude>
    <ClInclude Include="Stdafx.h">
      <Filter>Header Files</Filter>
    </ClInclude>
    <ClInclude Include="resource.h">
      <Filter>Header Files</Filter>
    </ClInclude>
    <ClInclude Include="Acq_Define_Constant.h">
      <Filter>Header Files</Filter>
    </ClInclude>
    <ClInclude Include="Acq_Function.h">
      <Filter>Header Files</Filter>
    </ClInclude>
    <ClInclude Include="Acquisition_Module.h">
      <Filter>Header Files</Filter>
    </ClInclude>
    <ClInclude Include="AppDll.h">
      <Filter>Header Files</Filter>
    </ClInclude>
    <ClInclude Include="Communication_Structure.h">
      <Filter>Header Files</Filter>
    </ClInclude>
    <ClInclude Include="Correlation_Module.h">
      <Filter>Header Files</Filter>
    </ClInclude>
    <ClInclude Include="Histogram_Module.h">
      <Filter>Header Files</Filter>
    </ClInclude>
    <ClInclude Include="Network_Analyser_3_Module.h">
      <Filter>Header Files</Filter>
    </ClInclude>
    <ClInclude Include="Oscilloscope_Module.h">
      <Filter>Header Files</Filter>
    </ClInclude>
    <ClInclude Include="Pcie5vDefines.h">
      <Filter>Header Files</Filter>
    </ClInclude>
    <ClInclude Include="Acq_Board_Program_class.h">
      <Filter>Header Files</Filter>
    </ClInclude>
    <ClInclude Include="Acq_data_container_class.h">
      <Filter>Header Files</Filter>
    </ClInclude>
    <ClInclude Include="Acquisition_Configuration.h">
      <Filter>Header Files</Filter>
    </ClInclude>
    <ClInclude Include="windfreak_module.h">
      <Filter>Header Files</Filter>
    </ClInclude>
    <ClInclude Include="ftd2xx.h">
      <Filter>Header Files</Filter>
    </ClInclude>
    <ClInclude Include="Spectrum_Analyzer_Module.h">
      <Filter>Header Files</Filter>
    </ClInclude>
    <ClInclude Include="alglibinternal.h">
      <Filter>Header Files</Filter>
    </ClInclude>
    <ClInclude Include="alglibmisc.h">
      <Filter>Header Files</Filter>
    </ClInclude>
    <ClInclude Include="ap.h">
      <Filter>Header Files</Filter>
    </ClInclude>
    <ClInclude Include="fasttransforms.h">
      <Filter>Header Files</Filter>
    </ClInclude>
  </ItemGroup>
  <ItemGroup>
    <ClCompile Include="Acquisition_Board_Dll.cpp">
      <Filter>Source Files</Filter>
    </ClCompile>
    <ClCompile Include="AssemblyInfo.cpp">
      <Filter>Source Files</Filter>
    </ClCompile>
    <ClCompile Include="Stdafx.cpp">
      <Filter>Source Files</Filter>
    </ClCompile>
    <ClCompile Include="Acq_Function.cpp">
      <Filter>Source Files</Filter>
    </ClCompile>
    <ClCompile Include="Acquisition_module.cpp">
      <Filter>Source Files</Filter>
    </ClCompile>
    <ClCompile Include="AppDll.cpp">
      <Filter>Source Files</Filter>
    </ClCompile>
    <ClCompile Include="Correlation_Module.cpp">
      <Filter>Source Files</Filter>
    </ClCompile>
    <ClCompile Include="Histogram_Module.cpp">
      <Filter>Source Files</Filter>
    </ClCompile>
    <ClCompile Include="Network_Analyser_3_Module.cpp">
      <Filter>Source Files</Filter>
    </ClCompile>
    <ClCompile Include="Oscilloscope_Module.cpp">
      <Filter>Source Files</Filter>
    </ClCompile>
    <ClCompile Include="Acq_Board_Program_class.cpp">
      <Filter>Source Files</Filter>
    </ClCompile>
    <ClCompile Include="Acq_data_container_class.cpp">
      <Filter>Source Files</Filter>
    </ClCompile>
    <ClCompile Include="Acquisition_Configuration.cpp">
      <Filter>Source Files</Filter>
    </ClCompile>
    <ClCompile Include="windfreak_module.cpp">
      <Filter>Source Files</Filter>
    </ClCompile>
    <ClCompile Include="Spectrum_Analyzer_Module.cpp">
      <Filter>Source Files</Filter>
    </ClCompile>
    <ClCompile Include="alglibinternal.cpp">
      <Filter>Source Files</Filter>
    </ClCompile>
    <ClCompile Include="alglibmisc.cpp">
      <Filter>Source Files</Filter>
    </ClCompile>
    <ClCompile Include="ap.cpp">
      <Filter>Source Files</Filter>
    </ClCompile>
    <ClCompile Include="fasttransforms.cpp">
      <Filter>Source Files</Filter>
    </ClCompile>
  </ItemGroup>
  <ItemGroup>
    <None Include="ReadMe.txt" />
    <None Include="app.ico">
      <Filter>Resource Files</Filter>
    </None>
  </ItemGroup>
  <ItemGroup>
    <ResourceCompile Include="app.rc">
      <Filter>Resource Files</Filter>
    </ResourceCompile>
  </ItemGroup>
</Project>