
Microsoft Visual Studio Solution File, Format Version 11.00
# Visual Studio 2010
Project("{8BC9CEB8-8B4A-11D0-8D11-00A0C91BC942}") = "Acquisition_Board_Dll", "Acquisition_Board_Dll\Acquisition_Board_Dll.vcxproj", "{772996AC-40ED-452C-A2EB-B2EF31400C3C}"
EndProject
Global
	GlobalSection(SolutionConfigurationPlatforms) = preSolution
		Debug|Win32 = Debug|Win32
		Release|Win32 = Release|Win32
	EndGlobalSection
	GlobalSection(ProjectConfigurationPlatforms) = postSolution
		{772996AC-40ED-452C-A2EB-B2EF31400C3C}.Debug|Win32.ActiveCfg = Debug|Win32
		{772996AC-40ED-452C-A2EB-B2EF31400C3C}.Debug|Win32.Build.0 = Debug|Win32
		{772996AC-40ED-452C-A2EB-B2EF31400C3C}.Release|Win32.ActiveCfg = Release|Win32
		{772996AC-40ED-452C-A2EB-B2EF31400C3C}.Release|Win32.Build.0 = Release|Win32
	EndGlobalSection
	GlobalSection(SolutionProperties) = preSolution
		HideSolutionNode = FALSE
	EndGlobalSection
EndGlobal
